
Microsoft Visual Studio Solution File, Format Version 12.00
# Visual Studio Version 17
VisualStudioVersion = 17.0.31903.59
MinimumVisualStudioVersion = 10.0.40219.1
Project("{9A19103F-16F7-4668-BE54-9A1E7A4F7556}") = "extension", "extension\extension.csproj", "{D32C3C1C-69E4-422F-85D2-B783BDF97190}"
EndProject
Project("{9A19103F-16F7-4668-BE54-9A1E7A4F7556}") = "core", "core\core.csproj", "{DA1EECC2-CC58-4EAE-9765-57824E7C5607}"
EndProject
Project("{2150E333-8FDC-42A3-9474-1A3956D46DE8}") = "Solution Items", "Solution Items", "{9BA83128-97D4-4F6A-8AE6-571FA4CBA6C6}"
	ProjectSection(SolutionItems) = preProject
		Directory.Packages.props = Directory.Packages.props
		README.txt = README.txt
	EndProjectSection
EndProject
Global
	GlobalSection(SolutionConfigurationPlatforms) = preSolution
		Debug|Any CPU = Debug|Any CPU
		Release|Any CPU = Release|Any CPU
	EndGlobalSection
	GlobalSection(ProjectConfigurationPlatforms) = postSolution
		{D32C3C1C-69E4-422F-85D2-B783BDF97190}.Debug|Any CPU.ActiveCfg = Debug|Any CPU
		{D32C3C1C-69E4-422F-85D2-B783BDF97190}.Debug|Any CPU.Build.0 = Debug|Any CPU
		{D32C3C1C-69E4-422F-85D2-B783BDF97190}.Release|Any CPU.ActiveCfg = Release|Any CPU
		{D32C3C1C-69E4-422F-85D2-B783BDF97190}.Release|Any CPU.Build.0 = Release|Any CPU
		{DA1EECC2-CC58-4EAE-9765-57824E7C5607}.Debug|Any CPU.ActiveCfg = Debug|Any CPU
		{DA1EECC2-CC58-4EAE-9765-57824E7C5607}.Debug|Any CPU.Build.0 = Debug|Any CPU
		{DA1EECC2-CC58-4EAE-9765-57824E7C5607}.Release|Any CPU.ActiveCfg = Release|Any CPU
		{DA1EECC2-CC58-4EAE-9765-57824E7C5607}.Release|Any CPU.Build.0 = Release|Any CPU
	EndGlobalSection
	GlobalSection(SolutionProperties) = preSolution
		HideSolutionNode = FALSE
	EndGlobalSection
EndGlobal
